// !$*UTF8*$!
{
	archiveVersion = 1;
	classes = {
	};
	objectVersion = 56;
	objects = {

/* Begin PBXBuildFile section */
		676FB1BA2BB17DB900B0E2CB /* BooksApp.swift in Sources */ = {isa = PBXBuildFile; fileRef = 676FB1B92BB17DB900B0E2CB /* BooksApp.swift */; };
		676FB1BC2BB17DB900B0E2CB /* ContentView.swift in Sources */ = {isa = PBXBuildFile; fileRef = 676FB1BB2BB17DB900B0E2CB /* ContentView.swift */; };
		676FB1BE2BB17DBA00B0E2CB /* Assets.xcassets in Resources */ = {isa = PBXBuildFile; fileRef = 676FB1BD2BB17DBA00B0E2CB /* Assets.xcassets */; };
		676FB1C22BB17DBA00B0E2CB /* Preview Assets.xcassets in Resources */ = {isa = PBXBuildFile; fileRef = 676FB1C12BB17DBA00B0E2CB /* Preview Assets.xcassets */; };
		676FB1CC2BB17DBA00B0E2CB /* BooksTests.swift in Sources */ = {isa = PBXBuildFile; fileRef = 676FB1CB2BB17DBA00B0E2CB /* BooksTests.swift */; };
		676FB1D62BB17DBA00B0E2CB /* BooksUITests.swift in Sources */ = {isa = PBXBuildFile; fileRef = 676FB1D52BB17DBA00B0E2CB /* BooksUITests.swift */; };
		676FB1D82BB17DBA00B0E2CB /* BooksUITestsLaunchTests.swift in Sources */ = {isa = PBXBuildFile; fileRef = 676FB1D72BB17DBA00B0E2CB /* BooksUITestsLaunchTests.swift */; };
/* End PBXBuildFile section */

/* Begin PBXContainerItemProxy section */
		676FB1C82BB17DBA00B0E2CB /* PBXContainerItemProxy */ = {
			isa = PBXContainerItemProxy;
			containerPortal = 676FB1AE2BB17DB900B0E2CB /* Project object */;
			proxyType = 1;
			remoteGlobalIDString = 676FB1B52BB17DB900B0E2CB;
			remoteInfo = Books;
		};
		676FB1D22BB17DBA00B0E2CB /* PBXContainerItemProxy */ = {
			isa = PBXContainerItemProxy;
			containerPortal = 676FB1AE2BB17DB900B0E2CB /* Project object */;
			proxyType = 1;
			remoteGlobalIDString = 676FB1B52BB17DB900B0E2CB;
			remoteInfo = Books;
		};
/* End PBXContainerItemProxy section */

/* Begin PBXFileReference section */
		676FB1B62BB17DB900B0E2CB /* Books.app */ = {isa = PBXFileReference; explicitFileType = wrapper.application; includeInIndex = 0; path = Books.app; sourceTree = BUILT_PRODUCTS_DIR; };
		676FB1B92BB17DB900B0E2CB /* BooksApp.swift */ = {isa = PBXFileReference; lastKnownFileType = sourcecode.swift; path = BooksApp.swift; sourceTree = "<group>"; };
		676FB1BB2BB17DB900B0E2CB /* ContentView.swift */ = {isa = PBXFileReference; lastKnownFileType = sourcecode.swift; path = ContentView.swift; sourceTree = "<group>"; };
		676FB1BD2BB17DBA00B0E2CB /* Assets.xcassets */ = {isa = PBXFileReference; lastKnownFileType = folder.assetcatalog; path = Assets.xcassets; sourceTree = "<group>"; };
		676FB1BF2BB17DBA00B0E2CB /* Books.entitlements */ = {isa = PBXFileReference; lastKnownFileType = text.plist.entitlements; path = Books.entitlements; sourceTree = "<group>"; };
		676FB1C12BB17DBA00B0E2CB /* Preview Assets.xcassets */ = {isa = PBXFileReference; lastKnownFileType = folder.assetcatalog; path = "Preview Assets.xcassets"; sourceTree = "<group>"; };
		676FB1C72BB17DBA00B0E2CB /* BooksTests.xctest */ = {isa = PBXFileReference; explicitFileType = wrapper.cfbundle; includeInIndex = 0; path = BooksTests.xctest; sourceTree = BUILT_PRODUCTS_DIR; };
		676FB1CB2BB17DBA00B0E2CB /* BooksTests.swift */ = {isa = PBXFileReference; lastKnownFileType = sourcecode.swift; path = BooksTests.swift; sourceTree = "<group>"; };
		676FB1D12BB17DBA00B0E2CB /* BooksUITests.xctest */ = {isa = PBXFileReference; explicitFileType = wrapper.cfbundle; includeInIndex = 0; path = BooksUITests.xctest; sourceTree = BUILT_PRODUCTS_DIR; };
		676FB1D52BB17DBA00B0E2CB /* BooksUITests.swift */ = {isa = PBXFileReference; lastKnownFileType = sourcecode.swift; path = BooksUITests.swift; sourceTree = "<group>"; };
		676FB1D72BB17DBA00B0E2CB /* BooksUITestsLaunchTests.swift */ = {isa = PBXFileReference; lastKnownFileType = sourcecode.swift; path = BooksUITestsLaunchTests.swift; sourceTree = "<group>"; };
/* End PBXFileReference section */

/* Begin PBXFrameworksBuildPhase section */
		676FB1B32BB17DB900B0E2CB /* Frameworks */ = {
			isa = PBXFrameworksBuildPhase;
			buildActionMask = 2147483647;
			files = (
			);
			runOnlyForDeploymentPostprocessing = 0;
		};
		676FB1C42BB17DBA00B0E2CB /* Frameworks */ = {
			isa = PBXFrameworksBuildPhase;
			buildActionMask = 2147483647;
			files = (
			);
			runOnlyForDeploymentPostprocessing = 0;
		};
		676FB1CE2BB17DBA00B0E2CB /* Frameworks */ = {
			isa = PBXFrameworksBuildPhase;
			buildActionMask = 2147483647;
			files = (
			);
			runOnlyForDeploymentPostprocessing = 0;
		};
/* End PBXFrameworksBuildPhase section */

/* Begin PBXGroup section */
		676FB1AD2BB17DB900B0E2CB = {
			isa = PBXGroup;
			children = (
				676FB1B82BB17DB900B0E2CB /* Books */,
				676FB1CA2BB17DBA00B0E2CB /* BooksTests */,
				676FB1D42BB17DBA00B0E2CB /* BooksUITests */,
				676FB1B72BB17DB900B0E2CB /* Products */,
			);
			sourceTree = "<group>";
		};
		676FB1B72BB17DB900B0E2CB /* Products */ = {
			isa = PBXGroup;
			children = (
				676FB1B62BB17DB900B0E2CB /* Books.app */,
				676FB1C72BB17DBA00B0E2CB /* BooksTests.xctest */,
				676FB1D12BB17DBA00B0E2CB /* BooksUITests.xctest */,
			);
			name = Products;
			sourceTree = "<group>";
		};
		676FB1B82BB17DB900B0E2CB /* Books */ = {
			isa = PBXGroup;
			children = (
				676FB1B92BB17DB900B0E2CB /* BooksApp.swift */,
				676FB1BB2BB17DB900B0E2CB /* ContentView.swift */,
				676FB1BD2BB17DBA00B0E2CB /* Assets.xcassets */,
				676FB1BF2BB17DBA00B0E2CB /* Books.entitlements */,
				676FB1C02BB17DBA00B0E2CB /* Preview Content */,
			);
			path = Books;
			sourceTree = "<group>";
		};
		676FB1C02BB17DBA00B0E2CB /* Preview Content */ = {
			isa = PBXGroup;
			children = (
				676FB1C12BB17DBA00B0E2CB /* Preview Assets.xcassets */,
			);
			path = "Preview Content";
			sourceTree = "<group>";
		};
		676FB1CA2BB17DBA00B0E2CB /* BooksTests */ = {
			isa = PBXGroup;
			children = (
				676FB1CB2BB17DBA00B0E2CB /* BooksTests.swift */,
			);
			path = BooksTests;
			sourceTree = "<group>";
		};
		676FB1D42BB17DBA00B0E2CB /* BooksUITests */ = {
			isa = PBXGroup;
			children = (
				676FB1D52BB17DBA00B0E2CB /* BooksUITests.swift */,
				676FB1D72BB17DBA00B0E2CB /* BooksUITestsLaunchTests.swift */,
			);
			path = BooksUITests;
			sourceTree = "<group>";
		};
/* End PBXGroup section */

/* Begin PBXNativeTarget section */
		676FB1B52BB17DB900B0E2CB /* Books */ = {
			isa = PBXNativeTarget;
			buildConfigurationList = 676FB1DB2BB17DBA00B0E2CB /* Build configuration list for PBXNativeTarget "Books" */;
			buildPhases = (
				676FB1B22BB17DB900B0E2CB /* Sources */,
				676FB1B32BB17DB900B0E2CB /* Frameworks */,
				676FB1B42BB17DB900B0E2CB /* Resources */,
			);
			buildRules = (
			);
			dependencies = (
			);
			name = Books;
			productName = Books;
			productReference = 676FB1B62BB17DB900B0E2CB /* Books.app */;
			productType = "com.apple.product-type.application";
		};
		676FB1C62BB17DBA00B0E2CB /* BooksTests */ = {
			isa = PBXNativeTarget;
			buildConfigurationList = 676FB1DE2BB17DBA00B0E2CB /* Build configuration list for PBXNativeTarget "BooksTests" */;
			buildPhases = (
				676FB1C32BB17DBA00B0E2CB /* Sources */,
				676FB1C42BB17DBA00B0E2CB /* Frameworks */,
				676FB1C52BB17DBA00B0E2CB /* Resources */,
			);
			buildRules = (
			);
			dependencies = (
				676FB1C92BB17DBA00B0E2CB /* PBXTargetDependency */,
			);
			name = BooksTests;
			productName = BooksTests;
			productReference = 676FB1C72BB17DBA00B0E2CB /* BooksTests.xctest */;
			productType = "com.apple.product-type.bundle.unit-test";
		};
		676FB1D02BB17DBA00B0E2CB /* BooksUITests */ = {
			isa = PBXNativeTarget;
			buildConfigurationList = 676FB1E12BB17DBA00B0E2CB /* Build configuration list for PBXNativeTarget "BooksUITests" */;
			buildPhases = (
				676FB1CD2BB17DBA00B0E2CB /* Sources */,
				676FB1CE2BB17DBA00B0E2CB /* Frameworks */,
				676FB1CF2BB17DBA00B0E2CB /* Resources */,
			);
			buildRules = (
			);
			dependencies = (
				676FB1D32BB17DBA00B0E2CB /* PBXTargetDependency */,
			);
			name = BooksUITests;
			productName = BooksUITests;
			productReference = 676FB1D12BB17DBA00B0E2CB /* BooksUITests.xctest */;
			productType = "com.apple.product-type.bundle.ui-testing";
		};
/* End PBXNativeTarget section */

/* Begin PBXProject section */
		676FB1AE2BB17DB900B0E2CB /* Project object */ = {
			isa = PBXProject;
			attributes = {
				BuildIndependentTargetsInParallel = 1;
				LastSwiftUpdateCheck = 1530;
				LastUpgradeCheck = 1530;
				TargetAttributes = {
					676FB1B52BB17DB900B0E2CB = {
						CreatedOnToolsVersion = 15.3;
					};
					676FB1C62BB17DBA00B0E2CB = {
						CreatedOnToolsVersion = 15.3;
						TestTargetID = 676FB1B52BB17DB900B0E2CB;
					};
					676FB1D02BB17DBA00B0E2CB = {
						CreatedOnToolsVersion = 15.3;
						TestTargetID = 676FB1B52BB17DB900B0E2CB;
					};
				};
			};
			buildConfigurationList = 676FB1B12BB17DB900B0E2CB /* Build configuration list for PBXProject "Books" */;
			compatibilityVersion = "Xcode 14.0";
			developmentRegion = en;
			hasScannedForEncodings = 0;
			knownRegions = (
				en,
				Base,
			);
			mainGroup = 676FB1AD2BB17DB900B0E2CB;
			productRefGroup = 676FB1B72BB17DB900B0E2CB /* Products */;
			projectDirPath = "";
			projectRoot = "";
			targets = (
				676FB1B52BB17DB900B0E2CB /* Books */,
				676FB1C62BB17DBA00B0E2CB /* BooksTests */,
				676FB1D02BB17DBA00B0E2CB /* BooksUITests */,
			);
		};
/* End PBXProject section */

/* Begin PBXResourcesBuildPhase section */
		676FB1B42BB17DB900B0E2CB /* Resources */ = {
			isa = PBXResourcesBuildPhase;
			buildActionMask = 2147483647;
			files = (
				676FB1C22BB17DBA00B0E2CB /* Preview Assets.xcassets in Resources */,
				676FB1BE2BB17DBA00B0E2CB /* Assets.xcassets in Resources */,
			);
			runOnlyForDeploymentPostprocessing = 0;
		};
		676FB1C52BB17DBA00B0E2CB /* Resources */ = {
			isa = PBXResourcesBuildPhase;
			buildActionMask = 2147483647;
			files = (
			);
			runOnlyForDeploymentPostprocessing = 0;
		};
		676FB1CF2BB17DBA00B0E2CB /* Resources */ = {
			isa = PBXResourcesBuildPhase;
			buildActionMask = 2147483647;
			files = (
			);
			runOnlyForDeploymentPostprocessing = 0;
		};
/* End PBXResourcesBuildPhase section */

/* Begin PBXSourcesBuildPhase section */
		676FB1B22BB17DB900B0E2CB /* Sources */ = {
			isa = PBXSourcesBuildPhase;
			buildActionMask = 2147483647;
			files = (
				676FB1BC2BB17DB900B0E2CB /* ContentView.swift in Sources */,
				676FB1BA2BB17DB900B0E2CB /* BooksApp.swift in Sources */,
			);
			runOnlyForDeploymentPostprocessing = 0;
		};
		676FB1C32BB17DBA00B0E2CB /* Sources */ = {
			isa = PBXSourcesBuildPhase;
			buildActionMask = 2147483647;
			files = (
				676FB1CC2BB17DBA00B0E2CB /* BooksTests.swift in Sources */,
			);
			runOnlyForDeploymentPostprocessing = 0;
		};
		676FB1CD2BB17DBA00B0E2CB /* Sources */ = {
			isa = PBXSourcesBuildPhase;
			buildActionMask = 2147483647;
			files = (
				676FB1D62BB17DBA00B0E2CB /* BooksUITests.swift in Sources */,
				676FB1D82BB17DBA00B0E2CB /* BooksUITestsLaunchTests.swift in Sources */,
			);
			runOnlyForDeploymentPostprocessing = 0;
		};
/* End PBXSourcesBuildPhase section */

/* Begin PBXTargetDependency section */
		676FB1C92BB17DBA00B0E2CB /* PBXTargetDependency */ = {
			isa = PBXTargetDependency;
			target = 676FB1B52BB17DB900B0E2CB /* Books */;
			targetProxy = 676FB1C82BB17DBA00B0E2CB /* PBXContainerItemProxy */;
		};
		676FB1D32BB17DBA00B0E2CB /* PBXTargetDependency */ = {
			isa = PBXTargetDependency;
			target = 676FB1B52BB17DB900B0E2CB /* Books */;
			targetProxy = 676FB1D22BB17DBA00B0E2CB /* PBXContainerItemProxy */;
		};
/* End PBXTargetDependency section */

/* Begin XCBuildConfiguration section */
		676FB1D92BB17DBA00B0E2CB /* Debug */ = {
			isa = XCBuildConfiguration;
			buildSettings = {
				ALWAYS_SEARCH_USER_PATHS = NO;
				ASSETCATALOG_COMPILER_GENERATE_SWIFT_ASSET_SYMBOL_EXTENSIONS = YES;
				CLANG_ANALYZER_NONNULL = YES;
				CLANG_ANALYZER_NUMBER_OBJECT_CONVERSION = YES_AGGRESSIVE;
				CLANG_CXX_LANGUAGE_STANDARD = "gnu++20";
				CLANG_ENABLE_MODULES = YES;
				CLANG_ENABLE_OBJC_ARC = YES;
				CLANG_ENABLE_OBJC_WEAK = YES;
				CLANG_WARN_BLOCK_CAPTURE_AUTORELEASING = YES;
				CLANG_WARN_BOOL_CONVERSION = YES;
				CLANG_WARN_COMMA = YES;
				CLANG_WARN_CONSTANT_CONVERSION = YES;
				CLANG_WARN_DEPRECATED_OBJC_IMPLEMENTATIONS = YES;
				CLANG_WARN_DIRECT_OBJC_ISA_USAGE = YES_ERROR;
				CLANG_WARN_DOCUMENTATION_COMMENTS = YES;
				CLANG_WARN_EMPTY_BODY = YES;
				CLANG_WARN_ENUM_CONVERSION = YES;
				CLANG_WARN_INFINITE_RECURSION = YES;
				CLANG_WARN_INT_CONVERSION = YES;
				CLANG_WARN_NON_LITERAL_NULL_CONVERSION = YES;
				CLANG_WARN_OBJC_IMPLICIT_RETAIN_SELF = YES;
				CLANG_WARN_OBJC_LITERAL_CONVERSION = YES;
				CLANG_WARN_OBJC_ROOT_CLASS = YES_ERROR;
				CLANG_WARN_QUOTED_INCLUDE_IN_FRAMEWORK_HEADER = YES;
				CLANG_WARN_RANGE_LOOP_ANALYSIS = YES;
				CLANG_WARN_STRICT_PROTOTYPES = YES;
				CLANG_WARN_SUSPICIOUS_MOVE = YES;
				CLANG_WARN_UNGUARDED_AVAILABILITY = YES_AGGRESSIVE;
				CLANG_WARN_UNREACHABLE_CODE = YES;
				CLANG_WARN__DUPLICATE_METHOD_MATCH = YES;
				COPY_PHASE_STRIP = NO;
				DEBUG_INFORMATION_FORMAT = dwarf;
				ENABLE_STRICT_OBJC_MSGSEND = YES;
				ENABLE_TESTABILITY = YES;
				ENABLE_USER_SCRIPT_SANDBOXING = YES;
				GCC_C_LANGUAGE_STANDARD = gnu17;
				GCC_DYNAMIC_NO_PIC = NO;
				GCC_NO_COMMON_BLOCKS = YES;
				GCC_OPTIMIZATION_LEVEL = 0;
				GCC_PREPROCESSOR_DEFINITIONS = (
					"DEBUG=1",
					"$(inherited)",
				);
				GCC_WARN_64_TO_32_BIT_CONVERSION = YES;
				GCC_WARN_ABOUT_RETURN_TYPE = YES_ERROR;
				GCC_WARN_UNDECLARED_SELECTOR = YES;
				GCC_WARN_UNINITIALIZED_AUTOS = YES_AGGRESSIVE;
				GCC_WARN_UNUSED_FUNCTION = YES;
				GCC_WARN_UNUSED_VARIABLE = YES;
				LOCALIZATION_PREFERS_STRING_CATALOGS = YES;
				MTL_ENABLE_DEBUG_INFO = INCLUDE_SOURCE;
				MTL_FAST_MATH = YES;
				ONLY_ACTIVE_ARCH = YES;
				SWIFT_ACTIVE_COMPILATION_CONDITIONS = "DEBUG $(inherited)";
				SWIFT_OPTIMIZATION_LEVEL = "-Onone";
			};
			name = Debug;
		};
		676FB1DA2BB17DBA00B0E2CB /* Release */ = {
			isa = XCBuildConfiguration;
			buildSettings = {
				ALWAYS_SEARCH_USER_PATHS = NO;
				ASSETCATALOG_COMPILER_GENERATE_SWIFT_ASSET_SYMBOL_EXTENSIONS = YES;
				CLANG_ANALYZER_NONNULL = YES;
				CLANG_ANALYZER_NUMBER_OBJECT_CONVERSION = YES_AGGRESSIVE;
				CLANG_CXX_LANGUAGE_STANDARD = "gnu++20";
				CLANG_ENABLE_MODULES = YES;
				CLANG_ENABLE_OBJC_ARC = YES;
				CLANG_ENABLE_OBJC_WEAK = YES;
				CLANG_WARN_BLOCK_CAPTURE_AUTORELEASING = YES;
				CLANG_WARN_BOOL_CONVERSION = YES;
				CLANG_WARN_COMMA = YES;
				CLANG_WARN_CONSTANT_CONVERSION = YES;
				CLANG_WARN_DEPRECATED_OBJC_IMPLEMENTATIONS = YES;
				CLANG_WARN_DIRECT_OBJC_ISA_USAGE = YES_ERROR;
				CLANG_WARN_DOCUMENTATION_COMMENTS = YES;
				CLANG_WARN_EMPTY_BODY = YES;
				CLANG_WARN_ENUM_CONVERSION = YES;
				CLANG_WARN_INFINITE_RECURSION = YES;
				CLANG_WARN_INT_CONVERSION = YES;
				CLANG_WARN_NON_LITERAL_NULL_CONVERSION = YES;
				CLANG_WARN_OBJC_IMPLICIT_RETAIN_SELF = YES;
				CLANG_WARN_OBJC_LITERAL_CONVERSION = YES;
				CLANG_WARN_OBJC_ROOT_CLASS = YES_ERROR;
				CLANG_WARN_QUOTED_INCLUDE_IN_FRAMEWORK_HEADER = YES;
				CLANG_WARN_RANGE_LOOP_ANALYSIS = YES;
				CLANG_WARN_STRICT_PROTOTYPES = YES;
				CLANG_WARN_SUSPICIOUS_MOVE = YES;
				CLANG_WARN_UNGUARDED_AVAILABILITY = YES_AGGRESSIVE;
				CLANG_WARN_UNREACHABLE_CODE = YES;
				CLANG_WARN__DUPLICATE_METHOD_MATCH = YES;
				COPY_PHASE_STRIP = NO;
				DEBUG_INFORMATION_FORMAT = "dwarf-with-dsym";
				ENABLE_NS_ASSERTIONS = NO;
				ENABLE_STRICT_OBJC_MSGSEND = YES;
				ENABLE_USER_SCRIPT_SANDBOXING = YES;
				GCC_C_LANGUAGE_STANDARD = gnu17;
				GCC_NO_COMMON_BLOCKS = YES;
				GCC_WARN_64_TO_32_BIT_CONVERSION = YES;
				GCC_WARN_ABOUT_RETURN_TYPE = YES_ERROR;
				GCC_WARN_UNDECLARED_SELECTOR = YES;
				GCC_WARN_UNINITIALIZED_AUTOS = YES_AGGRESSIVE;
				GCC_WARN_UNUSED_FUNCTION = YES;
				GCC_WARN_UNUSED_VARIABLE = YES;
				LOCALIZATION_PREFERS_STRING_CATALOGS = YES;
				MTL_ENABLE_DEBUG_INFO = NO;
				MTL_FAST_MATH = YES;
				SWIFT_COMPILATION_MODE = wholemodule;
			};
			name = Release;
		};
		676FB1DC2BB17DBA00B0E2CB /* Debug */ = {
			isa = XCBuildConfiguration;
			buildSettings = {
				ASSETCATALOG_COMPILER_APPICON_NAME = AppIcon;
				ASSETCATALOG_COMPILER_GLOBAL_ACCENT_COLOR_NAME = AccentColor;
				CODE_SIGN_ENTITLEMENTS = Books/Books.entitlements;
				CODE_SIGN_STYLE = Automatic;
				CURRENT_PROJECT_VERSION = 1;
				DEVELOPMENT_ASSET_PATHS = "\"Books/Preview Content\"";
				DEVELOPMENT_TEAM = 89L8NAA624;
				ENABLE_HARDENED_RUNTIME = YES;
				ENABLE_PREVIEWS = YES;
				GENERATE_INFOPLIST_FILE = YES;
				"INFOPLIST_KEY_UIApplicationSceneManifest_Generation[sdk=iphoneos*]" = YES;
				"INFOPLIST_KEY_UIApplicationSceneManifest_Generation[sdk=iphonesimulator*]" = YES;
				"INFOPLIST_KEY_UIApplicationSupportsIndirectInputEvents[sdk=iphoneos*]" = YES;
				"INFOPLIST_KEY_UIApplicationSupportsIndirectInputEvents[sdk=iphonesimulator*]" = YES;
				"INFOPLIST_KEY_UILaunchScreen_Generation[sdk=iphoneos*]" = YES;
				"INFOPLIST_KEY_UILaunchScreen_Generation[sdk=iphonesimulator*]" = YES;
				"INFOPLIST_KEY_UIStatusBarStyle[sdk=iphoneos*]" = UIStatusBarStyleDefault;
				"INFOPLIST_KEY_UIStatusBarStyle[sdk=iphonesimulator*]" = UIStatusBarStyleDefault;
				INFOPLIST_KEY_UISupportedInterfaceOrientations_iPad = "UIInterfaceOrientationPortrait UIInterfaceOrientationPortraitUpsideDown UIInterfaceOrientationLandscapeLeft UIInterfaceOrientationLandscapeRight";
				INFOPLIST_KEY_UISupportedInterfaceOrientations_iPhone = "UIInterfaceOrientationPortrait UIInterfaceOrientationLandscapeLeft UIInterfaceOrientationLandscapeRight";
				IPHONEOS_DEPLOYMENT_TARGET = 17.4;
				LD_RUNPATH_SEARCH_PATHS = "@executable_path/Frameworks";
				"LD_RUNPATH_SEARCH_PATHS[sdk=macosx*]" = "@executable_path/../Frameworks";
				MACOSX_DEPLOYMENT_TARGET = 14.1;
				MARKETING_VERSION = 1.0;
				PRODUCT_BUNDLE_IDENTIFIER = books.Books;
				PRODUCT_NAME = "$(TARGET_NAME)";
				SDKROOT = auto;
				SUPPORTED_PLATFORMS = "iphoneos iphonesimulator macosx";
				SWIFT_EMIT_LOC_STRINGS = YES;
				SWIFT_VERSION = 5.0;
				TARGETED_DEVICE_FAMILY = "1,2";
			};
			name = Debug;
		};
		676FB1DD2BB17DBA00B0E2CB /* Release */ = {
			isa = XCBuildConfiguration;
			buildSettings = {
				ASSETCATALOG_COMPILER_APPICON_NAME = AppIcon;
				ASSETCATALOG_COMPILER_GLOBAL_ACCENT_COLOR_NAME = AccentColor;
				CODE_SIGN_ENTITLEMENTS = Books/Books.entitlements;
				CODE_SIGN_STYLE = Automatic;
				CURRENT_PROJECT_VERSION = 1;
				DEVELOPMENT_ASSET_PATHS = "\"Books/Preview Content\"";
				DEVELOPMENT_TEAM = 89L8NAA624;
				ENABLE_HARDENED_RUNTIME = YES;
				ENABLE_PREVIEWS = YES;
				GENERATE_INFOPLIST_FILE = YES;
				"INFOPLIST_KEY_UIApplicationSceneManifest_Generation[sdk=iphoneos*]" = YES;
				"INFOPLIST_KEY_UIApplicationSceneManifest_Generation[sdk=iphonesimulator*]" = YES;
				"INFOPLIST_KEY_UIApplicationSupportsIndirectInputEvents[sdk=iphoneos*]" = YES;
				"INFOPLIST_KEY_UIApplicationSupportsIndirectInputEvents[sdk=iphonesimulator*]" = YES;
				"INFOPLIST_KEY_UILaunchScreen_Generation[sdk=iphoneos*]" = YES;
				"INFOPLIST_KEY_UILaunchScreen_Generation[sdk=iphonesimulator*]" = YES;
				"INFOPLIST_KEY_UIStatusBarStyle[sdk=iphoneos*]" = UIStatusBarStyleDefault;
				"INFOPLIST_KEY_UIStatusBarStyle[sdk=iphonesimulator*]" = UIStatusBarStyleDefault;
				INFOPLIST_KEY_UISupportedInterfaceOrientations_iPad = "UIInterfaceOrientationPortrait UIInterfaceOrientationPortraitUpsideDown UIInterfaceOrientationLandscapeLeft UIInterfaceOrientationLandscapeRight";
				INFOPLIST_KEY_UISupportedInterfaceOrientations_iPhone = "UIInterfaceOrientationPortrait UIInterfaceOrientationLandscapeLeft UIInterfaceOrientationLandscapeRight";
				IPHONEOS_DEPLOYMENT_TARGET = 17.4;
				LD_RUNPATH_SEARCH_PATHS = "@executable_path/Frameworks";
				"LD_RUNPATH_SEARCH_PATHS[sdk=macosx*]" = "@executable_path/../Frameworks";
				MACOSX_DEPLOYMENT_TARGET = 14.1;
				MARKETING_VERSION = 1.0;
				PRODUCT_BUNDLE_IDENTIFIER = books.Books;
				PRODUCT_NAME = "$(TARGET_NAME)";
				SDKROOT = auto;
				SUPPORTED_PLATFORMS = "iphoneos iphonesimulator macosx";
				SWIFT_EMIT_LOC_STRINGS = YES;
				SWIFT_VERSION = 5.0;
				TARGETED_DEVICE_FAMILY = "1,2";
			};
			name = Release;
		};
		676FB1DF2BB17DBA00B0E2CB /* Debug */ = {
			isa = XCBuildConfiguration;
			buildSettings = {
				ALWAYS_EMBED_SWIFT_STANDARD_LIBRARIES = YES;
				BUNDLE_LOADER = "$(TEST_HOST)";
				CODE_SIGN_STYLE = Automatic;
				CURRENT_PROJECT_VERSION = 1;
				DEVELOPMENT_TEAM = 89L8NAA624;
				GENERATE_INFOPLIST_FILE = YES;
				IPHONEOS_DEPLOYMENT_TARGET = 17.4;
				MACOSX_DEPLOYMENT_TARGET = 14.1;
				MARKETING_VERSION = 1.0;
				PRODUCT_BUNDLE_IDENTIFIER = books.BooksTests;
				PRODUCT_NAME = "$(TARGET_NAME)";
				SDKROOT = auto;
				SUPPORTED_PLATFORMS = "iphoneos iphonesimulator macosx";
				SWIFT_EMIT_LOC_STRINGS = NO;
				SWIFT_VERSION = 5.0;
				TARGETED_DEVICE_FAMILY = "1,2";
				TEST_HOST = "$(BUILT_PRODUCTS_DIR)/Books.app/$(BUNDLE_EXECUTABLE_FOLDER_PATH)/Books";
			};
			name = Debug;
		};
		676FB1E02BB17DBA00B0E2CB /* Release */ = {
			isa = XCBuildConfiguration;
			buildSettings = {
				ALWAYS_EMBED_SWIFT_STANDARD_LIBRARIES = YES;
				BUNDLE_LOADER = "$(TEST_HOST)";
				CODE_SIGN_STYLE = Automatic;
				CURRENT_PROJECT_VERSION = 1;
				DEVELOPMENT_TEAM = 89L8NAA624;
				GENERATE_INFOPLIST_FILE = YES;
				IPHONEOS_DEPLOYMENT_TARGET = 17.4;
				MACOSX_DEPLOYMENT_TARGET = 14.1;
				MARKETING_VERSION = 1.0;
				PRODUCT_BUNDLE_IDENTIFIER = books.BooksTests;
				PRODUCT_NAME = "$(TARGET_NAME)";
				SDKROOT = auto;
				SUPPORTED_PLATFORMS = "iphoneos iphonesimulator macosx";
				SWIFT_EMIT_LOC_STRINGS = NO;
				SWIFT_VERSION = 5.0;
				TARGETED_DEVICE_FAMILY = "1,2";
				TEST_HOST = "$(BUILT_PRODUCTS_DIR)/Books.app/$(BUNDLE_EXECUTABLE_FOLDER_PATH)/Books";
			};
			name = Release;
		};
		676FB1E22BB17DBA00B0E2CB /* Debug */ = {
			isa = XCBuildConfiguration;
			buildSettings = {
				ALWAYS_EMBED_SWIFT_STANDARD_LIBRARIES = YES;
				CODE_SIGN_STYLE = Automatic;
				CURRENT_PROJECT_VERSION = 1;
				DEVELOPMENT_TEAM = 89L8NAA624;
				GENERATE_INFOPLIST_FILE = YES;
				IPHONEOS_DEPLOYMENT_TARGET = 17.4;
				MACOSX_DEPLOYMENT_TARGET = 14.1;
				MARKETING_VERSION = 1.0;
				PRODUCT_BUNDLE_IDENTIFIER = books.BooksUITests;
				PRODUCT_NAME = "$(TARGET_NAME)";
				SDKROOT = auto;
				SUPPORTED_PLATFORMS = "iphoneos iphonesimulator macosx";
				SWIFT_EMIT_LOC_STRINGS = NO;
				SWIFT_VERSION = 5.0;
				TARGETED_DEVICE_FAMILY = "1,2";
				TEST_TARGET_NAME = Books;
			};
			name = Debug;
		};
		676FB1E32BB17DBA00B0E2CB /* Release */ = {
			isa = XCBuildConfiguration;
			buildSettings = {
				ALWAYS_EMBED_SWIFT_STANDARD_LIBRARIES = YES;
				CODE_SIGN_STYLE = Automatic;
				CURRENT_PROJECT_VERSION = 1;
				DEVELOPMENT_TEAM = 89L8NAA624;
				GENERATE_INFOPLIST_FILE = YES;
				IPHONEOS_DEPLOYMENT_TARGET = 17.4;
				MACOSX_DEPLOYMENT_TARGET = 14.1;
				MARKETING_VERSION = 1.0;
				PRODUCT_BUNDLE_IDENTIFIER = books.BooksUITests;
				PRODUCT_NAME = "$(TARGET_NAME)";
				SDKROOT = auto;
				SUPPORTED_PLATFORMS = "iphoneos iphonesimulator macosx";
				SWIFT_EMIT_LOC_STRINGS = NO;
				SWIFT_VERSION = 5.0;
				TARGETED_DEVICE_FAMILY = "1,2";
				TEST_TARGET_NAME = Books;
			};
			name = Release;
		};
/* End XCBuildConfiguration section */

/* Begin XCConfigurationList section */
		676FB1B12BB17DB900B0E2CB /* Build configuration list for PBXProject "Books" */ = {
			isa = XCConfigurationList;
			buildConfigurations = (
				676FB1D92BB17DBA00B0E2CB /* Debug */,
				676FB1DA2BB17DBA00B0E2CB /* Release */,
			);
			defaultConfigurationIsVisible = 0;
			defaultConfigurationName = Release;
		};
		676FB1DB2BB17DBA00B0E2CB /* Build configuration list for PBXNativeTarget "Books" */ = {
			isa = XCConfigurationList;
			buildConfigurations = (
				676FB1DC2BB17DBA00B0E2CB /* Debug */,
				676FB1DD2BB17DBA00B0E2CB /* Release */,
			);
			defaultConfigurationIsVisible = 0;
			defaultConfigurationName = Release;
		};
		676FB1DE2BB17DBA00B0E2CB /* Build configuration list for PBXNativeTarget "BooksTests" */ = {
			isa = XCConfigurationList;
			buildConfigurations = (
				676FB1DF2BB17DBA00B0E2CB /* Debug */,
				676FB1E02BB17DBA00B0E2CB /* Release */,
			);
			defaultConfigurationIsVisible = 0;
			defaultConfigurationName = Release;
		};
		676FB1E12BB17DBA00B0E2CB /* Build configuration list for PBXNativeTarget "BooksUITests" */ = {
			isa = XCConfigurationList;
			buildConfigurations = (
				676FB1E22BB17DBA00B0E2CB /* Debug */,
				676FB1E32BB17DBA00B0E2CB /* Release */,
			);
			defaultConfigurationIsVisible = 0;
			defaultConfigurationName = Release;
		};
/* End XCConfigurationList section */
	};
	rootObject = 676FB1AE2BB17DB900B0E2CB /* Project object */;
}
